{
  "nodes": {
    "nixpkgs": {
      "locked": {
        "lastModified": 1722854183,
        "narHash": "sha256-43o5BoPCFjbXGgK1CybijpXNnxCzF4S93ypH+mDrf/4=",
        "owner": "nixos",
        "repo": "nixpkgs",
        "rev": "4a72f8008c54b82650990ffe17b7102ddb4bfc55",
        "type": "github"
      },
      "original": {
        "owner": "nixos",
        "repo": "nixpkgs",
        "type": "github"
      }
    },
    "root": {
      "inputs": {
        "nixpkgs": "nixpkgs"
      }
    }
  },
  "root": "root",
  "version": 7
}
